
Microsoft Visual Studio Solution File, Format Version 12.00
# Visual Studio Version 17
VisualStudioVersion = 17.6.33815.320
MinimumVisualStudioVersion = 10.0.40219.1
Project("{FAE04EC0-301F-11D3-BF4B-00C04F79EFBC}") = "ChallengeApp", "ChallengeApp\ChallengeApp.csproj", "{1BA42DDE-FF60-418E-A1F9-B8FA8A70B622}"
EndProject
Global
	GlobalSection(SolutionConfigurationPlatforms) = preSolution
		Debug|Any CPU = Debug|Any CPU
		Release|Any CPU = Release|Any CPU
	EndGlobalSection
	GlobalSection(ProjectConfigurationPlatforms) = postSolution
		{1BA42DDE-FF60-418E-A1F9-B8FA8A70B622}.Debug|Any CPU.ActiveCfg = Debug|Any CPU
		{1BA42DDE-FF60-418E-A1F9-B8FA8A70B622}.Debug|Any CPU.Build.0 = Debug|Any CPU
		{1BA42DDE-FF60-418E-A1F9-B8FA8A70B622}.Release|Any CPU.ActiveCfg = Release|Any CPU
		{1BA42DDE-FF60-418E-A1F9-B8FA8A70B622}.Release|Any CPU.Build.0 = Release|Any CPU
	EndGlobalSection
	GlobalSection(SolutionProperties) = preSolution
		HideSolutionNode = FALSE
	EndGlobalSection
	GlobalSection(ExtensibilityGlobals) = postSolution
		SolutionGuid = {86BF8D09-39A7-4576-B79C-F761E3BD79DC}
	EndGlobalSection
EndGlobal
